
Microsoft Visual Studio Solution File, Format Version 12.00
# Visual Studio Version 17
VisualStudioVersion = 17.0.31903.59
MinimumVisualStudioVersion = 10.0.40219.1
Project("{9A19103F-16F7-4668-BE54-9A1E7A4F7556}") = "Blazone.Authentication.Client", "src\Blazone.Authentication.Client\Blazone.Authentication.Client.csproj", "{ABB283E3-91CA-4C22-BE44-C049716A773A}"
EndProject
Project("{9A19103F-16F7-4668-BE54-9A1E7A4F7556}") = "Blazone.Authentication.Server", "src\Blazone.Authentication.Server\Blazone.Authentication.Server.csproj", "{B0BC9D45-675A-468A-B102-F8C41ADA040E}"
EndProject
Project("{2150E333-8FDC-42A3-9474-1A3956D46DE8}") = "Tests", "Tests", "{9E9219BC-D8E1-403F-9407-E16739DDF404}"
EndProject
Project("{9A19103F-16F7-4668-BE54-9A1E7A4F7556}") = "Blazone.Authentication.Tests", "test\Blazone.Authentication.Tests\Blazone.Authentication.Tests.csproj", "{5EDF3E8A-E275-4AF7-8760-7F19859773B3}"
EndProject
Project("{2150E333-8FDC-42A3-9474-1A3956D46DE8}") = "Samples", "Samples", "{F5705DB7-D853-4E18-B5BA-29916029FF25}"
	ProjectSection(SolutionItems) = preProject
		samples\Directory.Build.props = samples\Directory.Build.props
	EndProjectSection
EndProject
Project("{9A19103F-16F7-4668-BE54-9A1E7A4F7556}") = "Sample.WebAssembly.Client", "samples\WebAssembly\Sample.WebAssembly.Client\Sample.WebAssembly.Client.csproj", "{948ABC1F-590F-4726-9CE1-AF4BFF13B024}"
EndProject
Project("{9A19103F-16F7-4668-BE54-9A1E7A4F7556}") = "Sample.WebAssembly.Server", "samples\WebAssembly\Sample.WebAssembly.Server\Sample.WebAssembly.Server.csproj", "{EC7E6A3F-05CA-4564-AF44-E3A2F5492BFF}"
EndProject
Project("{2150E333-8FDC-42A3-9474-1A3956D46DE8}") = "Build", "Build", "{E0186A5E-30A0-4B28-9D94-BEDB6377E893}"
	ProjectSection(SolutionItems) = preProject
		src\Directory.Build.props = src\Directory.Build.props
		.github\workflows\dotnet.yml = .github\workflows\dotnet.yml
		README.md = README.md
	EndProjectSection
EndProject
Project("{9A19103F-16F7-4668-BE54-9A1E7A4F7556}") = "Sample.ServerRender.Web", "samples\ServerRender\Sample.ServerRender.Web\Sample.ServerRender.Web.csproj", "{60E9A391-5DBF-441B-8D2F-C8B34B4F5F99}"
EndProject
Project("{2150E333-8FDC-42A3-9474-1A3956D46DE8}") = "ServerRender", "ServerRender", "{80DABB15-CFF3-4154-AF24-9DC4DE6E6A22}"
EndProject
Project("{2150E333-8FDC-42A3-9474-1A3956D46DE8}") = "WebAssembly", "WebAssembly", "{84DD69E6-11FD-4C61-8D3F-323053453227}"
EndProject
Project("{2150E333-8FDC-42A3-9474-1A3956D46DE8}") = "WebApplication", "WebApplication", "{67C33AEB-8308-484C-976A-B4EE1783AAE8}"
EndProject
Project("{2150E333-8FDC-42A3-9474-1A3956D46DE8}") = "Common", "Common", "{ADC10FFE-A84D-40FA-9154-D5D4EC1FF56A}"
EndProject
Project("{9A19103F-16F7-4668-BE54-9A1E7A4F7556}") = "Sample.Shared", "samples\Common\Sample.Shared\Sample.Shared.csproj", "{EFF7C6F6-EBCA-48C3-8B7D-05082F4B8664}"
EndProject
Project("{9A19103F-16F7-4668-BE54-9A1E7A4F7556}") = "Sample.WebApplication.Client", "samples\WebApplication\Sample.WebApplication.Client\Sample.WebApplication.Client.csproj", "{B89E48C7-37AE-4353-8AE2-2E0821431CF8}"
EndProject
Project("{9A19103F-16F7-4668-BE54-9A1E7A4F7556}") = "Sample.WebApplication.Server", "samples\WebApplication\Sample.WebApplication.Server\Sample.WebApplication.Server.csproj", "{C3443623-5713-41BF-BFD9-A89AF2C02EC7}"
EndProject
Global
	GlobalSection(SolutionConfigurationPlatforms) = preSolution
		Debug|Any CPU = Debug|Any CPU
		Release|Any CPU = Release|Any CPU
	EndGlobalSection
	GlobalSection(ProjectConfigurationPlatforms) = postSolution
		{ABB283E3-91CA-4C22-BE44-C049716A773A}.Debug|Any CPU.ActiveCfg = Debug|Any CPU
		{ABB283E3-91CA-4C22-BE44-C049716A773A}.Debug|Any CPU.Build.0 = Debug|Any CPU
		{ABB283E3-91CA-4C22-BE44-C049716A773A}.Release|Any CPU.ActiveCfg = Release|Any CPU
		{ABB283E3-91CA-4C22-BE44-C049716A773A}.Release|Any CPU.Build.0 = Release|Any CPU
		{B0BC9D45-675A-468A-B102-F8C41ADA040E}.Debug|Any CPU.ActiveCfg = Debug|Any CPU
		{B0BC9D45-675A-468A-B102-F8C41ADA040E}.Debug|Any CPU.Build.0 = Debug|Any CPU
		{B0BC9D45-675A-468A-B102-F8C41ADA040E}.Release|Any CPU.ActiveCfg = Release|Any CPU
		{B0BC9D45-675A-468A-B102-F8C41ADA040E}.Release|Any CPU.Build.0 = Release|Any CPU
		{5EDF3E8A-E275-4AF7-8760-7F19859773B3}.Debug|Any CPU.ActiveCfg = Debug|Any CPU
		{5EDF3E8A-E275-4AF7-8760-7F19859773B3}.Debug|Any CPU.Build.0 = Debug|Any CPU
		{5EDF3E8A-E275-4AF7-8760-7F19859773B3}.Release|Any CPU.ActiveCfg = Release|Any CPU
		{5EDF3E8A-E275-4AF7-8760-7F19859773B3}.Release|Any CPU.Build.0 = Release|Any CPU
		{948ABC1F-590F-4726-9CE1-AF4BFF13B024}.Debug|Any CPU.ActiveCfg = Debug|Any CPU
		{948ABC1F-590F-4726-9CE1-AF4BFF13B024}.Debug|Any CPU.Build.0 = Debug|Any CPU
		{948ABC1F-590F-4726-9CE1-AF4BFF13B024}.Release|Any CPU.ActiveCfg = Release|Any CPU
		{948ABC1F-590F-4726-9CE1-AF4BFF13B024}.Release|Any CPU.Build.0 = Release|Any CPU
		{EC7E6A3F-05CA-4564-AF44-E3A2F5492BFF}.Debug|Any CPU.ActiveCfg = Debug|Any CPU
		{EC7E6A3F-05CA-4564-AF44-E3A2F5492BFF}.Debug|Any CPU.Build.0 = Debug|Any CPU
		{EC7E6A3F-05CA-4564-AF44-E3A2F5492BFF}.Release|Any CPU.ActiveCfg = Release|Any CPU
		{EC7E6A3F-05CA-4564-AF44-E3A2F5492BFF}.Release|Any CPU.Build.0 = Release|Any CPU
		{60E9A391-5DBF-441B-8D2F-C8B34B4F5F99}.Debug|Any CPU.ActiveCfg = Debug|Any CPU
		{60E9A391-5DBF-441B-8D2F-C8B34B4F5F99}.Debug|Any CPU.Build.0 = Debug|Any CPU
		{60E9A391-5DBF-441B-8D2F-C8B34B4F5F99}.Release|Any CPU.ActiveCfg = Release|Any CPU
		{60E9A391-5DBF-441B-8D2F-C8B34B4F5F99}.Release|Any CPU.Build.0 = Release|Any CPU
		{EFF7C6F6-EBCA-48C3-8B7D-05082F4B8664}.Debug|Any CPU.ActiveCfg = Debug|Any CPU
		{EFF7C6F6-EBCA-48C3-8B7D-05082F4B8664}.Debug|Any CPU.Build.0 = Debug|Any CPU
		{EFF7C6F6-EBCA-48C3-8B7D-05082F4B8664}.Release|Any CPU.ActiveCfg = Release|Any CPU
		{EFF7C6F6-EBCA-48C3-8B7D-05082F4B8664}.Release|Any CPU.Build.0 = Release|Any CPU
		{B89E48C7-37AE-4353-8AE2-2E0821431CF8}.Debug|Any CPU.ActiveCfg = Debug|Any CPU
		{B89E48C7-37AE-4353-8AE2-2E0821431CF8}.Debug|Any CPU.Build.0 = Debug|Any CPU
		{B89E48C7-37AE-4353-8AE2-2E0821431CF8}.Release|Any CPU.ActiveCfg = Release|Any CPU
		{B89E48C7-37AE-4353-8AE2-2E0821431CF8}.Release|Any CPU.Build.0 = Release|Any CPU
		{C3443623-5713-41BF-BFD9-A89AF2C02EC7}.Debug|Any CPU.ActiveCfg = Debug|Any CPU
		{C3443623-5713-41BF-BFD9-A89AF2C02EC7}.Debug|Any CPU.Build.0 = Debug|Any CPU
		{C3443623-5713-41BF-BFD9-A89AF2C02EC7}.Release|Any CPU.ActiveCfg = Release|Any CPU
		{C3443623-5713-41BF-BFD9-A89AF2C02EC7}.Release|Any CPU.Build.0 = Release|Any CPU
	EndGlobalSection
	GlobalSection(SolutionProperties) = preSolution
		HideSolutionNode = FALSE
	EndGlobalSection
	GlobalSection(NestedProjects) = preSolution
		{5EDF3E8A-E275-4AF7-8760-7F19859773B3} = {9E9219BC-D8E1-403F-9407-E16739DDF404}
		{948ABC1F-590F-4726-9CE1-AF4BFF13B024} = {84DD69E6-11FD-4C61-8D3F-323053453227}
		{EC7E6A3F-05CA-4564-AF44-E3A2F5492BFF} = {84DD69E6-11FD-4C61-8D3F-323053453227}
		{60E9A391-5DBF-441B-8D2F-C8B34B4F5F99} = {80DABB15-CFF3-4154-AF24-9DC4DE6E6A22}
		{80DABB15-CFF3-4154-AF24-9DC4DE6E6A22} = {F5705DB7-D853-4E18-B5BA-29916029FF25}
		{84DD69E6-11FD-4C61-8D3F-323053453227} = {F5705DB7-D853-4E18-B5BA-29916029FF25}
		{67C33AEB-8308-484C-976A-B4EE1783AAE8} = {F5705DB7-D853-4E18-B5BA-29916029FF25}
		{ADC10FFE-A84D-40FA-9154-D5D4EC1FF56A} = {F5705DB7-D853-4E18-B5BA-29916029FF25}
		{EFF7C6F6-EBCA-48C3-8B7D-05082F4B8664} = {ADC10FFE-A84D-40FA-9154-D5D4EC1FF56A}
		{B89E48C7-37AE-4353-8AE2-2E0821431CF8} = {67C33AEB-8308-484C-976A-B4EE1783AAE8}
		{C3443623-5713-41BF-BFD9-A89AF2C02EC7} = {67C33AEB-8308-484C-976A-B4EE1783AAE8}
	EndGlobalSection
	GlobalSection(ExtensibilityGlobals) = postSolution
		SolutionGuid = {28EA995C-96F4-4FAF-87D5-2D1F3CE67833}
	EndGlobalSection
EndGlobal
